
Microsoft Visual Studio Solution File, Format Version 12.00
# Visual Studio 15
VisualStudioVersion = 15.0.26124.0
MinimumVisualStudioVersion = 15.0.26124.0
Project("{FAE04EC0-301F-11D3-BF4B-00C04F79EFBC}") = "Redirectr.Web", "src\Redirectr.Web\Redirectr.Web.csproj", "{B3C4B4D4-DB59-4261-AA62-8DDFF4D3EEC6}"
EndProject
Project("{FAE04EC0-301F-11D3-BF4B-00C04F79EFBC}") = "Redirectr", "src\Redirectr\Redirectr.csproj", "{A29CD5CA-6957-4126-B3F4-A31438FAD08C}"
EndProject
Project("{FAE04EC0-301F-11D3-BF4B-00C04F79EFBC}") = "Redirectr.Tests", "test\Redirectr.Tests\Redirectr.Tests.csproj", "{06751748-7C68-4570-870A-247935252B40}"
EndProject
Project("{FAE04EC0-301F-11D3-BF4B-00C04F79EFBC}") = "Redirectr.Web.Tests", "test\Redirectr.Web.Tests\Redirectr.Web.Tests.csproj", "{64BBA553-52A5-4276-8B07-9F4C764A2322}"
EndProject
Global
	GlobalSection(SolutionConfigurationPlatforms) = preSolution
		Debug|Any CPU = Debug|Any CPU
		Debug|x64 = Debug|x64
		Debug|x86 = Debug|x86
		Release|Any CPU = Release|Any CPU
		Release|x64 = Release|x64
		Release|x86 = Release|x86
	EndGlobalSection
	GlobalSection(SolutionProperties) = preSolution
		HideSolutionNode = FALSE
	EndGlobalSection
	GlobalSection(NestedProjects) = preSolution
	EndGlobalSection
	GlobalSection(ProjectConfigurationPlatforms) = postSolution
		{B3C4B4D4-DB59-4261-AA62-8DDFF4D3EEC6}.Debug|Any CPU.ActiveCfg = Debug|Any CPU
		{B3C4B4D4-DB59-4261-AA62-8DDFF4D3EEC6}.Debug|Any CPU.Build.0 = Debug|Any CPU
		{B3C4B4D4-DB59-4261-AA62-8DDFF4D3EEC6}.Debug|x64.ActiveCfg = Debug|Any CPU
		{B3C4B4D4-DB59-4261-AA62-8DDFF4D3EEC6}.Debug|x64.Build.0 = Debug|Any CPU
		{B3C4B4D4-DB59-4261-AA62-8DDFF4D3EEC6}.Debug|x86.ActiveCfg = Debug|Any CPU
		{B3C4B4D4-DB59-4261-AA62-8DDFF4D3EEC6}.Debug|x86.Build.0 = Debug|Any CPU
		{B3C4B4D4-DB59-4261-AA62-8DDFF4D3EEC6}.Release|Any CPU.ActiveCfg = Release|Any CPU
		{B3C4B4D4-DB59-4261-AA62-8DDFF4D3EEC6}.Release|Any CPU.Build.0 = Release|Any CPU
		{B3C4B4D4-DB59-4261-AA62-8DDFF4D3EEC6}.Release|x64.ActiveCfg = Release|Any CPU
		{B3C4B4D4-DB59-4261-AA62-8DDFF4D3EEC6}.Release|x64.Build.0 = Release|Any CPU
		{B3C4B4D4-DB59-4261-AA62-8DDFF4D3EEC6}.Release|x86.ActiveCfg = Release|Any CPU
		{B3C4B4D4-DB59-4261-AA62-8DDFF4D3EEC6}.Release|x86.Build.0 = Release|Any CPU
		{A29CD5CA-6957-4126-B3F4-A31438FAD08C}.Debug|Any CPU.ActiveCfg = Debug|Any CPU
		{A29CD5CA-6957-4126-B3F4-A31438FAD08C}.Debug|Any CPU.Build.0 = Debug|Any CPU
		{A29CD5CA-6957-4126-B3F4-A31438FAD08C}.Debug|x64.ActiveCfg = Debug|Any CPU
		{A29CD5CA-6957-4126-B3F4-A31438FAD08C}.Debug|x64.Build.0 = Debug|Any CPU
		{A29CD5CA-6957-4126-B3F4-A31438FAD08C}.Debug|x86.ActiveCfg = Debug|Any CPU
		{A29CD5CA-6957-4126-B3F4-A31438FAD08C}.Debug|x86.Build.0 = Debug|Any CPU
		{A29CD5CA-6957-4126-B3F4-A31438FAD08C}.Release|Any CPU.ActiveCfg = Release|Any CPU
		{A29CD5CA-6957-4126-B3F4-A31438FAD08C}.Release|Any CPU.Build.0 = Release|Any CPU
		{A29CD5CA-6957-4126-B3F4-A31438FAD08C}.Release|x64.ActiveCfg = Release|Any CPU
		{A29CD5CA-6957-4126-B3F4-A31438FAD08C}.Release|x64.Build.0 = Release|Any CPU
		{A29CD5CA-6957-4126-B3F4-A31438FAD08C}.Release|x86.ActiveCfg = Release|Any CPU
		{A29CD5CA-6957-4126-B3F4-A31438FAD08C}.Release|x86.Build.0 = Release|Any CPU
		{06751748-7C68-4570-870A-247935252B40}.Debug|Any CPU.ActiveCfg = Debug|Any CPU
		{06751748-7C68-4570-870A-247935252B40}.Debug|Any CPU.Build.0 = Debug|Any CPU
		{06751748-7C68-4570-870A-247935252B40}.Debug|x64.ActiveCfg = Debug|Any CPU
		{06751748-7C68-4570-870A-247935252B40}.Debug|x64.Build.0 = Debug|Any CPU
		{06751748-7C68-4570-870A-247935252B40}.Debug|x86.ActiveCfg = Debug|Any CPU
		{06751748-7C68-4570-870A-247935252B40}.Debug|x86.Build.0 = Debug|Any CPU
		{06751748-7C68-4570-870A-247935252B40}.Release|Any CPU.ActiveCfg = Release|Any CPU
		{06751748-7C68-4570-870A-247935252B40}.Release|Any CPU.Build.0 = Release|Any CPU
		{06751748-7C68-4570-870A-247935252B40}.Release|x64.ActiveCfg = Release|Any CPU
		{06751748-7C68-4570-870A-247935252B40}.Release|x64.Build.0 = Release|Any CPU
		{06751748-7C68-4570-870A-247935252B40}.Release|x86.ActiveCfg = Release|Any CPU
		{06751748-7C68-4570-870A-247935252B40}.Release|x86.Build.0 = Release|Any CPU
		{64BBA553-52A5-4276-8B07-9F4C764A2322}.Debug|Any CPU.ActiveCfg = Debug|Any CPU
		{64BBA553-52A5-4276-8B07-9F4C764A2322}.Debug|Any CPU.Build.0 = Debug|Any CPU
		{64BBA553-52A5-4276-8B07-9F4C764A2322}.Debug|x64.ActiveCfg = Debug|Any CPU
		{64BBA553-52A5-4276-8B07-9F4C764A2322}.Debug|x64.Build.0 = Debug|Any CPU
		{64BBA553-52A5-4276-8B07-9F4C764A2322}.Debug|x86.ActiveCfg = Debug|Any CPU
		{64BBA553-52A5-4276-8B07-9F4C764A2322}.Debug|x86.Build.0 = Debug|Any CPU
		{64BBA553-52A5-4276-8B07-9F4C764A2322}.Release|Any CPU.ActiveCfg = Release|Any CPU
		{64BBA553-52A5-4276-8B07-9F4C764A2322}.Release|Any CPU.Build.0 = Release|Any CPU
		{64BBA553-52A5-4276-8B07-9F4C764A2322}.Release|x64.ActiveCfg = Release|Any CPU
		{64BBA553-52A5-4276-8B07-9F4C764A2322}.Release|x64.Build.0 = Release|Any CPU
		{64BBA553-52A5-4276-8B07-9F4C764A2322}.Release|x86.ActiveCfg = Release|Any CPU
		{64BBA553-52A5-4276-8B07-9F4C764A2322}.Release|x86.Build.0 = Release|Any CPU
	EndGlobalSection
EndGlobal
